
Microsoft Visual Studio Solution File, Format Version 12.00
# Visual Studio 15
VisualStudioVersion = 15.0.27703.2026
MinimumVisualStudioVersion = 10.0.40219.1
Project("{FAE04EC0-301F-11D3-BF4B-00C04F79EFBC}") = "DFW.Nerf.Android", "DFW.Nerf\DFW.Nerf.Android\DFW.Nerf.Android.csproj", "{343691F4-E03A-4DC4-96E8-7C20915AC232}"
EndProject
Project("{FAE04EC0-301F-11D3-BF4B-00C04F79EFBC}") = "DFW.Nerf.iOS", "DFW.Nerf\DFW.Nerf.iOS\DFW.Nerf.iOS.csproj", "{12CDD7F5-7D37-46CB-990B-FD56151FA779}"
EndProject
Project("{FAE04EC0-301F-11D3-BF4B-00C04F79EFBC}") = "DFW.Nerf", "DFW.Nerf\DFW.Nerf\DFW.Nerf.csproj", "{BFD15CF8-AB2E-4672-A002-EFB10F297B3D}"
EndProject
Global
	GlobalSection(SolutionConfigurationPlatforms) = preSolution
		Ad-Hoc|Any CPU = Ad-Hoc|Any CPU
		Ad-Hoc|iPhone = Ad-Hoc|iPhone
		Ad-Hoc|iPhoneSimulator = Ad-Hoc|iPhoneSimulator
		AppStore|Any CPU = AppStore|Any CPU
		AppStore|iPhone = AppStore|iPhone
		AppStore|iPhoneSimulator = AppStore|iPhoneSimulator
		Debug|Any CPU = Debug|Any CPU
		Debug|iPhone = Debug|iPhone
		Debug|iPhoneSimulator = Debug|iPhoneSimulator
		Release|Any CPU = Release|Any CPU
		Release|iPhone = Release|iPhone
		Release|iPhoneSimulator = Release|iPhoneSimulator
	EndGlobalSection
	GlobalSection(ProjectConfigurationPlatforms) = postSolution
		{343691F4-E03A-4DC4-96E8-7C20915AC232}.Ad-Hoc|Any CPU.ActiveCfg = Release|Any CPU
		{343691F4-E03A-4DC4-96E8-7C20915AC232}.Ad-Hoc|Any CPU.Build.0 = Release|Any CPU
		{343691F4-E03A-4DC4-96E8-7C20915AC232}.Ad-Hoc|Any CPU.Deploy.0 = Release|Any CPU
		{343691F4-E03A-4DC4-96E8-7C20915AC232}.Ad-Hoc|iPhone.ActiveCfg = Release|Any CPU
		{343691F4-E03A-4DC4-96E8-7C20915AC232}.Ad-Hoc|iPhone.Build.0 = Release|Any CPU
		{343691F4-E03A-4DC4-96E8-7C20915AC232}.Ad-Hoc|iPhone.Deploy.0 = Release|Any CPU
		{343691F4-E03A-4DC4-96E8-7C20915AC232}.Ad-Hoc|iPhoneSimulator.ActiveCfg = Release|Any CPU
		{343691F4-E03A-4DC4-96E8-7C20915AC232}.Ad-Hoc|iPhoneSimulator.Build.0 = Release|Any CPU
		{343691F4-E03A-4DC4-96E8-7C20915AC232}.Ad-Hoc|iPhoneSimulator.Deploy.0 = Release|Any CPU
		{343691F4-E03A-4DC4-96E8-7C20915AC232}.AppStore|Any CPU.ActiveCfg = Release|Any CPU
		{343691F4-E03A-4DC4-96E8-7C20915AC232}.AppStore|Any CPU.Build.0 = Release|Any CPU
		{343691F4-E03A-4DC4-96E8-7C20915AC232}.AppStore|Any CPU.Deploy.0 = Release|Any CPU
		{343691F4-E03A-4DC4-96E8-7C20915AC232}.AppStore|iPhone.ActiveCfg = Release|Any CPU
		{343691F4-E03A-4DC4-96E8-7C20915AC232}.AppStore|iPhone.Build.0 = Release|Any CPU
		{343691F4-E03A-4DC4-96E8-7C20915AC232}.AppStore|iPhone.Deploy.0 = Release|Any CPU
		{343691F4-E03A-4DC4-96E8-7C20915AC232}.AppStore|iPhoneSimulator.ActiveCfg = Release|Any CPU
		{343691F4-E03A-4DC4-96E8-7C20915AC232}.AppStore|iPhoneSimulator.Build.0 = Release|Any CPU
		{343691F4-E03A-4DC4-96E8-7C20915AC232}.AppStore|iPhoneSimulator.Deploy.0 = Release|Any CPU
		{343691F4-E03A-4DC4-96E8-7C20915AC232}.Debug|Any CPU.ActiveCfg = Debug|Any CPU
		{343691F4-E03A-4DC4-96E8-7C20915AC232}.Debug|Any CPU.Build.0 = Debug|Any CPU
		{343691F4-E03A-4DC4-96E8-7C20915AC232}.Debug|Any CPU.Deploy.0 = Debug|Any CPU
		{343691F4-E03A-4DC4-96E8-7C20915AC232}.Debug|iPhone.ActiveCfg = Debug|Any CPU
		{343691F4-E03A-4DC4-96E8-7C20915AC232}.Debug|iPhone.Build.0 = Debug|Any CPU
		{343691F4-E03A-4DC4-96E8-7C20915AC232}.Debug|iPhone.Deploy.0 = Debug|Any CPU
		{343691F4-E03A-4DC4-96E8-7C20915AC232}.Debug|iPhoneSimulator.ActiveCfg = Debug|Any CPU
		{343691F4-E03A-4DC4-96E8-7C20915AC232}.Debug|iPhoneSimulator.Build.0 = Debug|Any CPU
		{343691F4-E03A-4DC4-96E8-7C20915AC232}.Debug|iPhoneSimulator.Deploy.0 = Debug|Any CPU
		{343691F4-E03A-4DC4-96E8-7C20915AC232}.Release|Any CPU.ActiveCfg = Release|Any CPU
		{343691F4-E03A-4DC4-96E8-7C20915AC232}.Release|Any CPU.Build.0 = Release|Any CPU
		{343691F4-E03A-4DC4-96E8-7C20915AC232}.Release|Any CPU.Deploy.0 = Release|Any CPU
		{343691F4-E03A-4DC4-96E8-7C20915AC232}.Release|iPhone.ActiveCfg = Release|Any CPU
		{343691F4-E03A-4DC4-96E8-7C20915AC232}.Release|iPhone.Build.0 = Release|Any CPU
		{343691F4-E03A-4DC4-96E8-7C20915AC232}.Release|iPhone.Deploy.0 = Release|Any CPU
		{343691F4-E03A-4DC4-96E8-7C20915AC232}.Release|iPhoneSimulator.ActiveCfg = Release|Any CPU
		{343691F4-E03A-4DC4-96E8-7C20915AC232}.Release|iPhoneSimulator.Build.0 = Release|Any CPU
		{343691F4-E03A-4DC4-96E8-7C20915AC232}.Release|iPhoneSimulator.Deploy.0 = Release|Any CPU
		{12CDD7F5-7D37-46CB-990B-FD56151FA779}.Ad-Hoc|Any CPU.ActiveCfg = Ad-Hoc|iPhone
		{12CDD7F5-7D37-46CB-990B-FD56151FA779}.Ad-Hoc|Any CPU.Build.0 = Ad-Hoc|iPhone
		{12CDD7F5-7D37-46CB-990B-FD56151FA779}.Ad-Hoc|Any CPU.Deploy.0 = Ad-Hoc|iPhone
		{12CDD7F5-7D37-46CB-990B-FD56151FA779}.Ad-Hoc|iPhone.ActiveCfg = Ad-Hoc|iPhone
		{12CDD7F5-7D37-46CB-990B-FD56151FA779}.Ad-Hoc|iPhone.Build.0 = Ad-Hoc|iPhone
		{12CDD7F5-7D37-46CB-990B-FD56151FA779}.Ad-Hoc|iPhone.Deploy.0 = Ad-Hoc|iPhone
		{12CDD7F5-7D37-46CB-990B-FD56151FA779}.Ad-Hoc|iPhoneSimulator.ActiveCfg = Ad-Hoc|iPhoneSimulator
		{12CDD7F5-7D37-46CB-990B-FD56151FA779}.Ad-Hoc|iPhoneSimulator.Build.0 = Ad-Hoc|iPhoneSimulator
		{12CDD7F5-7D37-46CB-990B-FD56151FA779}.Ad-Hoc|iPhoneSimulator.Deploy.0 = Ad-Hoc|iPhoneSimulator
		{12CDD7F5-7D37-46CB-990B-FD56151FA779}.AppStore|Any CPU.ActiveCfg = AppStore|iPhone
		{12CDD7F5-7D37-46CB-990B-FD56151FA779}.AppStore|Any CPU.Build.0 = AppStore|iPhone
		{12CDD7F5-7D37-46CB-990B-FD56151FA779}.AppStore|Any CPU.Deploy.0 = AppStore|iPhone
		{12CDD7F5-7D37-46CB-990B-FD56151FA779}.AppStore|iPhone.ActiveCfg = AppStore|iPhone
		{12CDD7F5-7D37-46CB-990B-FD56151FA779}.AppStore|iPhone.Build.0 = AppStore|iPhone
		{12CDD7F5-7D37-46CB-990B-FD56151FA779}.AppStore|iPhone.Deploy.0 = AppStore|iPhone
		{12CDD7F5-7D37-46CB-990B-FD56151FA779}.AppStore|iPhoneSimulator.ActiveCfg = AppStore|iPhoneSimulator
		{12CDD7F5-7D37-46CB-990B-FD56151FA779}.AppStore|iPhoneSimulator.Build.0 = AppStore|iPhoneSimulator
		{12CDD7F5-7D37-46CB-990B-FD56151FA779}.AppStore|iPhoneSimulator.Deploy.0 = AppStore|iPhoneSimulator
		{12CDD7F5-7D37-46CB-990B-FD56151FA779}.Debug|Any CPU.ActiveCfg = Debug|iPhoneSimulator
		{12CDD7F5-7D37-46CB-990B-FD56151FA779}.Debug|Any CPU.Build.0 = Debug|iPhoneSimulator
		{12CDD7F5-7D37-46CB-990B-FD56151FA779}.Debug|Any CPU.Deploy.0 = Debug|iPhoneSimulator
		{12CDD7F5-7D37-46CB-990B-FD56151FA779}.Debug|iPhone.ActiveCfg = Debug|iPhone
		{12CDD7F5-7D37-46CB-990B-FD56151FA779}.Debug|iPhone.Build.0 = Debug|iPhone
		{12CDD7F5-7D37-46CB-990B-FD56151FA779}.Debug|iPhone.Deploy.0 = Debug|iPhone
		{12CDD7F5-7D37-46CB-990B-FD56151FA779}.Debug|iPhoneSimulator.ActiveCfg = Debug|iPhoneSimulator
		{12CDD7F5-7D37-46CB-990B-FD56151FA779}.Debug|iPhoneSimulator.Build.0 = Debug|iPhoneSimulator
		{12CDD7F5-7D37-46CB-990B-FD56151FA779}.Debug|iPhoneSimulator.Deploy.0 = Debug|iPhoneSimulator
		{12CDD7F5-7D37-46CB-990B-FD56151FA779}.Release|Any CPU.ActiveCfg = Release|iPhone
		{12CDD7F5-7D37-46CB-990B-FD56151FA779}.Release|Any CPU.Build.0 = Release|iPhone
		{12CDD7F5-7D37-46CB-990B-FD56151FA779}.Release|Any CPU.Deploy.0 = Release|iPhone
		{12CDD7F5-7D37-46CB-990B-FD56151FA779}.Release|iPhone.ActiveCfg = Release|iPhone
		{12CDD7F5-7D37-46CB-990B-FD56151FA779}.Release|iPhone.Build.0 = Release|iPhone
		{12CDD7F5-7D37-46CB-990B-FD56151FA779}.Release|iPhone.Deploy.0 = Release|iPhone
		{12CDD7F5-7D37-46CB-990B-FD56151FA779}.Release|iPhoneSimulator.ActiveCfg = Release|iPhoneSimulator
		{12CDD7F5-7D37-46CB-990B-FD56151FA779}.Release|iPhoneSimulator.Build.0 = Release|iPhoneSimulator
		{12CDD7F5-7D37-46CB-990B-FD56151FA779}.Release|iPhoneSimulator.Deploy.0 = Release|iPhoneSimulator
		{BFD15CF8-AB2E-4672-A002-EFB10F297B3D}.Ad-Hoc|Any CPU.ActiveCfg = Debug|Any CPU
		{BFD15CF8-AB2E-4672-A002-EFB10F297B3D}.Ad-Hoc|Any CPU.Build.0 = Debug|Any CPU
		{BFD15CF8-AB2E-4672-A002-EFB10F297B3D}.Ad-Hoc|Any CPU.Deploy.0 = Debug|Any CPU
		{BFD15CF8-AB2E-4672-A002-EFB10F297B3D}.Ad-Hoc|iPhone.ActiveCfg = Debug|Any CPU
		{BFD15CF8-AB2E-4672-A002-EFB10F297B3D}.Ad-Hoc|iPhone.Build.0 = Debug|Any CPU
		{BFD15CF8-AB2E-4672-A002-EFB10F297B3D}.Ad-Hoc|iPhone.Deploy.0 = Debug|Any CPU
		{BFD15CF8-AB2E-4672-A002-EFB10F297B3D}.Ad-Hoc|iPhoneSimulator.ActiveCfg = Debug|Any CPU
		{BFD15CF8-AB2E-4672-A002-EFB10F297B3D}.Ad-Hoc|iPhoneSimulator.Build.0 = Debug|Any CPU
		{BFD15CF8-AB2E-4672-A002-EFB10F297B3D}.Ad-Hoc|iPhoneSimulator.Deploy.0 = Debug|Any CPU
		{BFD15CF8-AB2E-4672-A002-EFB10F297B3D}.AppStore|Any CPU.ActiveCfg = Debug|Any CPU
		{BFD15CF8-AB2E-4672-A002-EFB10F297B3D}.AppStore|Any CPU.Build.0 = Debug|Any CPU
		{BFD15CF8-AB2E-4672-A002-EFB10F297B3D}.AppStore|Any CPU.Deploy.0 = Debug|Any CPU
		{BFD15CF8-AB2E-4672-A002-EFB10F297B3D}.AppStore|iPhone.ActiveCfg = Debug|Any CPU
		{BFD15CF8-AB2E-4672-A002-EFB10F297B3D}.AppStore|iPhone.Build.0 = Debug|Any CPU
		{BFD15CF8-AB2E-4672-A002-EFB10F297B3D}.AppStore|iPhone.Deploy.0 = Debug|Any CPU
		{BFD15CF8-AB2E-4672-A002-EFB10F297B3D}.AppStore|iPhoneSimulator.ActiveCfg = Debug|Any CPU
		{BFD15CF8-AB2E-4672-A002-EFB10F297B3D}.AppStore|iPhoneSimulator.Build.0 = Debug|Any CPU
		{BFD15CF8-AB2E-4672-A002-EFB10F297B3D}.AppStore|iPhoneSimulator.Deploy.0 = Debug|Any CPU
		{BFD15CF8-AB2E-4672-A002-EFB10F297B3D}.Debug|Any CPU.ActiveCfg = Debug|Any CPU
		{BFD15CF8-AB2E-4672-A002-EFB10F297B3D}.Debug|Any CPU.Build.0 = Debug|Any CPU
		{BFD15CF8-AB2E-4672-A002-EFB10F297B3D}.Debug|Any CPU.Deploy.0 = Debug|Any CPU
		{BFD15CF8-AB2E-4672-A002-EFB10F297B3D}.Debug|iPhone.ActiveCfg = Debug|Any CPU
		{BFD15CF8-AB2E-4672-A002-EFB10F297B3D}.Debug|iPhone.Build.0 = Debug|Any CPU
		{BFD15CF8-AB2E-4672-A002-EFB10F297B3D}.Debug|iPhone.Deploy.0 = Debug|Any CPU
		{BFD15CF8-AB2E-4672-A002-EFB10F297B3D}.Debug|iPhoneSimulator.ActiveCfg = Debug|Any CPU
		{BFD15CF8-AB2E-4672-A002-EFB10F297B3D}.Debug|iPhoneSimulator.Build.0 = Debug|Any CPU
		{BFD15CF8-AB2E-4672-A002-EFB10F297B3D}.Debug|iPhoneSimulator.Deploy.0 = Debug|Any CPU
		{BFD15CF8-AB2E-4672-A002-EFB10F297B3D}.Release|Any CPU.ActiveCfg = Release|Any CPU
		{BFD15CF8-AB2E-4672-A002-EFB10F297B3D}.Release|Any CPU.Build.0 = Release|Any CPU
		{BFD15CF8-AB2E-4672-A002-EFB10F297B3D}.Release|Any CPU.Deploy.0 = Release|Any CPU
		{BFD15CF8-AB2E-4672-A002-EFB10F297B3D}.Release|iPhone.ActiveCfg = Release|Any CPU
		{BFD15CF8-AB2E-4672-A002-EFB10F297B3D}.Release|iPhone.Build.0 = Release|Any CPU
		{BFD15CF8-AB2E-4672-A002-EFB10F297B3D}.Release|iPhone.Deploy.0 = Release|Any CPU
		{BFD15CF8-AB2E-4672-A002-EFB10F297B3D}.Release|iPhoneSimulator.ActiveCfg = Release|Any CPU
		{BFD15CF8-AB2E-4672-A002-EFB10F297B3D}.Release|iPhoneSimulator.Build.0 = Release|Any CPU
		{BFD15CF8-AB2E-4672-A002-EFB10F297B3D}.Release|iPhoneSimulator.Deploy.0 = Release|Any CPU
	EndGlobalSection
	GlobalSection(SolutionProperties) = preSolution
		HideSolutionNode = FALSE
	EndGlobalSection
	GlobalSection(ExtensibilityGlobals) = postSolution
		SolutionGuid = {EE588168-C190-452D-A139-5C03E7BB6A45}
	EndGlobalSection
EndGlobal
